// !$*UTF8*$!
{
	archiveVersion = 1;
	classes = {
	};
	objectVersion = 46;
	objects = {

/* Begin PBXBuildFile section */
		C68137AF1A85AD480045E283 /* main.cpp in Sources */ = {isa = PBXBuildFile; fileRef = C68137AE1A85AD480045E283 /* main.cpp */; };
		C68BABBF1A85D3A300693623 /* main.swift in Sources */ = {isa = PBXBuildFile; fileRef = C68BABBE1A85D3A300693623 /* main.swift */; };
/* End PBXBuildFile section */

/* Begin PBXCopyFilesBuildPhase section */
		C68137A91A85AD480045E283 /* CopyFiles */ = {
			isa = PBXCopyFilesBuildPhase;
			buildActionMask = 2147483647;
			dstPath = /usr/share/man/man1/;
			dstSubfolderSpec = 0;
			files = (
			);
			runOnlyForDeploymentPostprocessing = 1;
		};
/* End PBXCopyFilesBuildPhase section */

/* Begin PBXFileReference section */
		C68137AB1A85AD480045E283 /* xcodeHorsePowr */ = {isa = PBXFileReference; explicitFileType = "compiled.mach-o.executable"; includeInIndex = 0; path = xcodeHorsePowr; sourceTree = BUILT_PRODUCTS_DIR; };
		C68137AE1A85AD480045E283 /* main.cpp */ = {isa = PBXFileReference; lastKnownFileType = sourcecode.cpp.cpp; path = main.cpp; sourceTree = "<group>"; };
		C68BABBD1A85D3A200693623 /* xcodeHorsePowr-Bridging-Header.h */ = {isa = PBXFileReference; lastKnownFileType = sourcecode.c.h; path = "xcodeHorsePowr-Bridging-Header.h"; sourceTree = "<group>"; };
		C68BABBE1A85D3A300693623 /* main.swift */ = {isa = PBXFileReference; fileEncoding = 4; lastKnownFileType = sourcecode.swift; path = main.swift; sourceTree = "<group>"; };
/* End PBXFileReference section */

/* Begin PBXFrameworksBuildPhase section */
		C68137A81A85AD480045E283 /* Frameworks */ = {
			isa = PBXFrameworksBuildPhase;
			buildActionMask = 2147483647;
			files = (
			);
			runOnlyForDeploymentPostprocessing = 0;
		};
/* End PBXFrameworksBuildPhase section */

/* Begin PBXGroup section */
		C68137A21A85AD480045E283 = {
			isa = PBXGroup;
			children = (
				C68137AD1A85AD480045E283 /* xcodeHorsePowr */,
				C68137AC1A85AD480045E283 /* Products */,
			);
			sourceTree = "<group>";
		};
		C68137AC1A85AD480045E283 /* Products */ = {
			isa = PBXGroup;
			children = (
				C68137AB1A85AD480045E283 /* xcodeHorsePowr */,
			);
			name = Products;
			sourceTree = "<group>";
		};
		C68137AD1A85AD480045E283 /* xcodeHorsePowr */ = {
			isa = PBXGroup;
			children = (
				C68137AE1A85AD480045E283 /* main.cpp */,
				C68BABBE1A85D3A300693623 /* main.swift */,
				C68BABBD1A85D3A200693623 /* xcodeHorsePowr-Bridging-Header.h */,
			);
			path = xcodeHorsePowr;
			sourceTree = "<group>";
		};
/* End PBXGroup section */

/* Begin PBXNativeTarget section */
		C68137AA1A85AD480045E283 /* xcodeHorsePowr */ = {
			isa = PBXNativeTarget;
			buildConfigurationList = C68137B21A85AD480045E283 /* Build configuration list for PBXNativeTarget "xcodeHorsePowr" */;
			buildPhases = (
				C68137A71A85AD480045E283 /* Sources */,
				C68137A81A85AD480045E283 /* Frameworks */,
				C68137A91A85AD480045E283 /* CopyFiles */,
			);
			buildRules = (
			);
			dependencies = (
			);
			name = xcodeHorsePowr;
			productName = xcodeHorsePowr;
			productReference = C68137AB1A85AD480045E283 /* xcodeHorsePowr */;
			productType = "com.apple.product-type.tool";
		};
/* End PBXNativeTarget section */

/* Begin PBXProject section */
		C68137A31A85AD480045E283 /* Project object */ = {
			isa = PBXProject;
			attributes = {
				LastUpgradeCheck = 0610;
				ORGANIZATIONNAME = "org stuff";
				TargetAttributes = {
					C68137AA1A85AD480045E283 = {
						CreatedOnToolsVersion = 6.1.1;
					};
				};
			};
			buildConfigurationList = C68137A61A85AD480045E283 /* Build configuration list for PBXProject "xcodeHorsePowr" */;
			compatibilityVersion = "Xcode 3.2";
			developmentRegion = English;
			hasScannedForEncodings = 0;
			knownRegions = (
				en,
			);
			mainGroup = C68137A21A85AD480045E283;
			productRefGroup = C68137AC1A85AD480045E283 /* Products */;
			projectDirPath = "";
			projectRoot = "";
			targets = (
				C68137AA1A85AD480045E283 /* xcodeHorsePowr */,
			);
		};
/* End PBXProject section */

/* Begin PBXSourcesBuildPhase section */
		C68137A71A85AD480045E283 /* Sources */ = {
			isa = PBXSourcesBuildPhase;
			buildActionMask = 2147483647;
			files = (
				C68BABBF1A85D3A300693623 /* main.swift in Sources */,
				C68137AF1A85AD480045E283 /* main.cpp in Sources */,
			);
			runOnlyForDeploymentPostprocessing = 0;
		};
/* End PBXSourcesBuildPhase section */

/* Begin XCBuildConfiguration section */
		C68137B01A85AD480045E283 /* Debug */ = {
			isa = XCBuildConfiguration;
			buildSettings = {
				ALWAYS_SEARCH_USER_PATHS = NO;
				CLANG_CXX_LANGUAGE_STANDARD = "gnu++0x";
				CLANG_CXX_LIBRARY = "libc++";
				CLANG_ENABLE_MODULES = YES;
				CLANG_ENABLE_OBJC_ARC = YES;
				CLANG_WARN_BOOL_CONVERSION = YES;
				CLANG_WARN_CONSTANT_CONVERSION = YES;
				CLANG_WARN_DIRECT_OBJC_ISA_USAGE = YES_ERROR;
				CLANG_WARN_EMPTY_BODY = YES;
				CLANG_WARN_ENUM_CONVERSION = YES;
				CLANG_WARN_INT_CONVERSION = YES;
				CLANG_WARN_OBJC_ROOT_CLASS = YES_ERROR;
				CLANG_WARN_UNREACHABLE_CODE = YES;
				CLANG_WARN__DUPLICATE_METHOD_MATCH = YES;
				COPY_PHASE_STRIP = NO;
				ENABLE_STRICT_OBJC_MSGSEND = YES;
				GCC_C_LANGUAGE_STANDARD = gnu99;
				GCC_DYNAMIC_NO_PIC = NO;
				GCC_OPTIMIZATION_LEVEL = 0;
				GCC_PREPROCESSOR_DEFINITIONS = (
					"DEBUG=1",
					"$(inherited)",
				);
				GCC_SYMBOLS_PRIVATE_EXTERN = NO;
				GCC_WARN_64_TO_32_BIT_CONVERSION = YES;
				GCC_WARN_ABOUT_RETURN_TYPE = YES_ERROR;
				GCC_WARN_UNDECLARED_SELECTOR = YES;
				GCC_WARN_UNINITIALIZED_AUTOS = YES_AGGRESSIVE;
				GCC_WARN_UNUSED_FUNCTION = YES;
				GCC_WARN_UNUSED_VARIABLE = YES;
				MACOSX_DEPLOYMENT_TARGET = 10.10;
				MTL_ENABLE_DEBUG_INFO = YES;
				ONLY_ACTIVE_ARCH = YES;
				SDKROOT = macosx;
			};
			name = Debug;
		};
		C68137B11A85AD480045E283 /* Release */ = {
			isa = XCBuildConfiguration;
			buildSettings = {
				ALWAYS_SEARCH_USER_PATHS = NO;
				CLANG_CXX_LANGUAGE_STANDARD = "gnu++0x";
				CLANG_CXX_LIBRARY = "libc++";
				CLANG_ENABLE_MODULES = YES;
				CLANG_ENABLE_OBJC_ARC = YES;
				CLANG_WARN_BOOL_CONVERSION = YES;
				CLANG_WARN_CONSTANT_CONVERSION = YES;
				CLANG_WARN_DIRECT_OBJC_ISA_USAGE = YES_ERROR;
				CLANG_WARN_EMPTY_BODY = YES;
				CLANG_WARN_ENUM_CONVERSION = YES;
				CLANG_WARN_INT_CONVERSION = YES;
				CLANG_WARN_OBJC_ROOT_CLASS = YES_ERROR;
				CLANG_WARN_UNREACHABLE_CODE = YES;
				CLANG_WARN__DUPLICATE_METHOD_MATCH = YES;
				COPY_PHASE_STRIP = YES;
				DEBUG_INFORMATION_FORMAT = "dwarf-with-dsym";
				ENABLE_NS_ASSERTIONS = NO;
				ENABLE_STRICT_OBJC_MSGSEND = YES;
				GCC_C_LANGUAGE_STANDARD = gnu99;
				GCC_WARN_64_TO_32_BIT_CONVERSION = YES;
				GCC_WARN_ABOUT_RETURN_TYPE = YES_ERROR;
				GCC_WARN_UNDECLARED_SELECTOR = YES;
				GCC_WARN_UNINITIALIZED_AUTOS = YES_AGGRESSIVE;
				GCC_WARN_UNUSED_FUNCTION = YES;
				GCC_WARN_UNUSED_VARIABLE = YES;
				MACOSX_DEPLOYMENT_TARGET = 10.10;
				MTL_ENABLE_DEBUG_INFO = NO;
				SDKROOT = macosx;
			};
			name = Release;
		};
		C68137B31A85AD480045E283 /* Debug */ = {
			isa = XCBuildConfiguration;
			buildSettings = {
				CLANG_ENABLE_MODULES = YES;
				LD_RUNPATH_SEARCH_PATHS = "$(inherited) @executable_path/../Frameworks @loader_path/../Frameworks";
				PRODUCT_NAME = "$(TARGET_NAME)";
				SWIFT_OBJC_BRIDGING_HEADER = "xcodeHorsePowr/xcodeHorsePowr-Bridging-Header.h";
				SWIFT_OPTIMIZATION_LEVEL = "-Onone";
			};
			name = Debug;
		};
		C68137B41A85AD480045E283 /* Release */ = {
			isa = XCBuildConfiguration;
			buildSettings = {
				CLANG_ENABLE_MODULES = YES;
				LD_RUNPATH_SEARCH_PATHS = "$(inherited) @executable_path/../Frameworks @loader_path/../Frameworks";
				PRODUCT_NAME = "$(TARGET_NAME)";
				SWIFT_OBJC_BRIDGING_HEADER = "xcodeHorsePowr/xcodeHorsePowr-Bridging-Header.h";
			};
			name = Release;
		};
/* End XCBuildConfiguration section */

/* Begin XCConfigurationList section */
		C68137A61A85AD480045E283 /* Build configuration list for PBXProject "xcodeHorsePowr" */ = {
			isa = XCConfigurationList;
			buildConfigurations = (
				C68137B01A85AD480045E283 /* Debug */,
				C68137B11A85AD480045E283 /* Release */,
			);
			defaultConfigurationIsVisible = 0;
			defaultConfigurationName = Release;
		};
		C68137B21A85AD480045E283 /* Build configuration list for PBXNativeTarget "xcodeHorsePowr" */ = {
			isa = XCConfigurationList;
			buildConfigurations = (
				C68137B31A85AD480045E283 /* Debug */,
				C68137B41A85AD480045E283 /* Release */,
			);
			defaultConfigurationIsVisible = 0;
			defaultConfigurationName = Release;
		};
/* End XCConfigurationList section */
	};
	rootObject = C68137A31A85AD480045E283 /* Project object */;
}
